
Microsoft Visual Studio Solution File, Format Version 12.00
# Visual Studio Version 16
VisualStudioVersion = 16.0.29215.179
MinimumVisualStudioVersion = 10.0.40219.1
Project("{888888A0-9F3D-457C-B088-3A5042F75D52}") = "TopClays", "TopClay\TopClays.pyproj", "{3AD763EC-61F3-443D-A332-DE063E0D6643}"
EndProject
Project("{888888A0-9F3D-457C-B088-3A5042F75D52}") = "VideoRecognition", "VideoRecognition\VideoRecognition.pyproj", "{3BD50670-0AD9-4056-80A0-4FF4F73920A1}"
EndProject
Global
	GlobalSection(SolutionConfigurationPlatforms) = preSolution
		Debug|Any CPU = Debug|Any CPU
		Release|Any CPU = Release|Any CPU
	EndGlobalSection
	GlobalSection(ProjectConfigurationPlatforms) = postSolution
		{3AD763EC-61F3-443D-A332-DE063E0D6643}.Debug|Any CPU.ActiveCfg = Debug|Any CPU
		{3AD763EC-61F3-443D-A332-DE063E0D6643}.Release|Any CPU.ActiveCfg = Release|Any CPU
		{3BD50670-0AD9-4056-80A0-4FF4F73920A1}.Debug|Any CPU.ActiveCfg = Debug|Any CPU
		{3BD50670-0AD9-4056-80A0-4FF4F73920A1}.Release|Any CPU.ActiveCfg = Release|Any CPU
	EndGlobalSection
	GlobalSection(SolutionProperties) = preSolution
		HideSolutionNode = FALSE
	EndGlobalSection
	GlobalSection(ExtensibilityGlobals) = postSolution
		SolutionGuid = {26CD0545-6586-44CE-9102-E4D441046ED7}
	EndGlobalSection
EndGlobal
